
Microsoft Visual Studio Solution File, Format Version 12.00
# Visual Studio Version 16
VisualStudioVersion = 16.0.28803.156
MinimumVisualStudioVersion = 10.0.40219.1
Project("{FAE04EC0-301F-11D3-BF4B-00C04F79EFBC}") = "DeepLogger", "DeepLogger\DeepLogger.csproj", "{DC8157DF-D52A-4A81-92E8-F79EAF14FB72}"
EndProject
Project("{FAE04EC0-301F-11D3-BF4B-00C04F79EFBC}") = "DeepLogger.Transports", "DeepLogger.Transports\DeepLogger.Transports.csproj", "{18A27AA8-454E-42B7-BDF0-356A806F69B7}"
EndProject
Project("{FAE04EC0-301F-11D3-BF4B-00C04F79EFBC}") = "DeepLogger.Tests", "DeepLogger.Tests\DeepLogger.Tests.csproj", "{CCCE0D53-7111-4122-BE89-85DB66C3C10B}"
EndProject
Project("{FAE04EC0-301F-11D3-BF4B-00C04F79EFBC}") = "DeepLogger.Core", "DeepLogger.Core\DeepLogger.Core.csproj", "{3DF38FD3-5F65-462A-85B9-C49616C77A4C}"
EndProject
Global
	GlobalSection(SolutionConfigurationPlatforms) = preSolution
		Debug|Any CPU = Debug|Any CPU
		Release|Any CPU = Release|Any CPU
	EndGlobalSection
	GlobalSection(ProjectConfigurationPlatforms) = postSolution
		{DC8157DF-D52A-4A81-92E8-F79EAF14FB72}.Debug|Any CPU.ActiveCfg = Debug|Any CPU
		{DC8157DF-D52A-4A81-92E8-F79EAF14FB72}.Debug|Any CPU.Build.0 = Debug|Any CPU
		{DC8157DF-D52A-4A81-92E8-F79EAF14FB72}.Release|Any CPU.ActiveCfg = Release|Any CPU
		{DC8157DF-D52A-4A81-92E8-F79EAF14FB72}.Release|Any CPU.Build.0 = Release|Any CPU
		{18A27AA8-454E-42B7-BDF0-356A806F69B7}.Debug|Any CPU.ActiveCfg = Debug|Any CPU
		{18A27AA8-454E-42B7-BDF0-356A806F69B7}.Debug|Any CPU.Build.0 = Debug|Any CPU
		{18A27AA8-454E-42B7-BDF0-356A806F69B7}.Release|Any CPU.ActiveCfg = Release|Any CPU
		{18A27AA8-454E-42B7-BDF0-356A806F69B7}.Release|Any CPU.Build.0 = Release|Any CPU
		{CCCE0D53-7111-4122-BE89-85DB66C3C10B}.Debug|Any CPU.ActiveCfg = Debug|Any CPU
		{CCCE0D53-7111-4122-BE89-85DB66C3C10B}.Debug|Any CPU.Build.0 = Debug|Any CPU
		{CCCE0D53-7111-4122-BE89-85DB66C3C10B}.Release|Any CPU.ActiveCfg = Release|Any CPU
		{CCCE0D53-7111-4122-BE89-85DB66C3C10B}.Release|Any CPU.Build.0 = Release|Any CPU
		{3DF38FD3-5F65-462A-85B9-C49616C77A4C}.Debug|Any CPU.ActiveCfg = Debug|Any CPU
		{3DF38FD3-5F65-462A-85B9-C49616C77A4C}.Debug|Any CPU.Build.0 = Debug|Any CPU
		{3DF38FD3-5F65-462A-85B9-C49616C77A4C}.Release|Any CPU.ActiveCfg = Release|Any CPU
		{3DF38FD3-5F65-462A-85B9-C49616C77A4C}.Release|Any CPU.Build.0 = Release|Any CPU
	EndGlobalSection
	GlobalSection(SolutionProperties) = preSolution
		HideSolutionNode = FALSE
	EndGlobalSection
	GlobalSection(ExtensibilityGlobals) = postSolution
		SolutionGuid = {E859CDC4-EB5D-4ED8-9A5A-FF59A6AF1BBE}
	EndGlobalSection
EndGlobal
